
Microsoft Visual Studio Solution File, Format Version 12.00
# Visual Studio 15
VisualStudioVersion = 15.0.27130.2036
MinimumVisualStudioVersion = 10.0.40219.1
Project("{FAE04EC0-301F-11D3-BF4B-00C04F79EFBC}") = "BDD_Testing", "BDD_Testing\BDD_Testing.csproj", "{3F24B253-38ED-4266-BE46-1929A469DF92}"
EndProject
Global
	GlobalSection(SolutionConfigurationPlatforms) = preSolution
		Debug|Any CPU = Debug|Any CPU
		Release|Any CPU = Release|Any CPU
	EndGlobalSection
	GlobalSection(ProjectConfigurationPlatforms) = postSolution
		{3F24B253-38ED-4266-BE46-1929A469DF92}.Debug|Any CPU.ActiveCfg = Debug|Any CPU
		{3F24B253-38ED-4266-BE46-1929A469DF92}.Debug|Any CPU.Build.0 = Debug|Any CPU
		{3F24B253-38ED-4266-BE46-1929A469DF92}.Release|Any CPU.ActiveCfg = Release|Any CPU
		{3F24B253-38ED-4266-BE46-1929A469DF92}.Release|Any CPU.Build.0 = Release|Any CPU
	EndGlobalSection
	GlobalSection(SolutionProperties) = preSolution
		HideSolutionNode = FALSE
	EndGlobalSection
	GlobalSection(ExtensibilityGlobals) = postSolution
		SolutionGuid = {6B62FE4D-2FE7-46EC-B7B0-D4769742BB2C}
	EndGlobalSection
EndGlobal
